
Microsoft Visual Studio Solution File, Format Version 12.00
# Visual Studio Version 16
VisualStudioVersion = 16.0.30225.117
MinimumVisualStudioVersion = 10.0.40219.1
Project("{FAE04EC0-301F-11D3-BF4B-00C04F79EFBC}") = "PolishVehicleRecords", "PolishVehicleRecords\PolishVehicleRecords.csproj", "{B6FBE047-2B7C-4F9D-8426-6267351C1E5A}"
EndProject
Global
	GlobalSection(SolutionConfigurationPlatforms) = preSolution
		Debug|Any CPU = Debug|Any CPU
		Release|Any CPU = Release|Any CPU
	EndGlobalSection
	GlobalSection(ProjectConfigurationPlatforms) = postSolution
		{B6FBE047-2B7C-4F9D-8426-6267351C1E5A}.Debug|Any CPU.ActiveCfg = Debug|Any CPU
		{B6FBE047-2B7C-4F9D-8426-6267351C1E5A}.Debug|Any CPU.Build.0 = Debug|Any CPU
		{B6FBE047-2B7C-4F9D-8426-6267351C1E5A}.Release|Any CPU.ActiveCfg = Release|Any CPU
		{B6FBE047-2B7C-4F9D-8426-6267351C1E5A}.Release|Any CPU.Build.0 = Release|Any CPU
	EndGlobalSection
	GlobalSection(SolutionProperties) = preSolution
		HideSolutionNode = FALSE
	EndGlobalSection
	GlobalSection(ExtensibilityGlobals) = postSolution
		SolutionGuid = {736C2AC4-0FAE-4974-AF2B-EAF930749E67}
	EndGlobalSection
EndGlobal
